
Microsoft Visual Studio Solution File, Format Version 12.00
# Visual Studio Version 17
VisualStudioVersion = 17.8.34525.116
MinimumVisualStudioVersion = 10.0.40219.1
Project("{FAE04EC0-301F-11D3-BF4B-00C04F79EFBC}") = "EFTests", "EFTests.csproj", "{363ABEE6-028A-4898-A2F5-4B384B76B520}"
EndProject
Global
	GlobalSection(SolutionConfigurationPlatforms) = preSolution
		Debug|Any CPU = Debug|Any CPU
		Release|Any CPU = Release|Any CPU
	EndGlobalSection
	GlobalSection(ProjectConfigurationPlatforms) = postSolution
		{363ABEE6-028A-4898-A2F5-4B384B76B520}.Debug|Any CPU.ActiveCfg = Debug|Any CPU
		{363ABEE6-028A-4898-A2F5-4B384B76B520}.Debug|Any CPU.Build.0 = Debug|Any CPU
		{363ABEE6-028A-4898-A2F5-4B384B76B520}.Release|Any CPU.ActiveCfg = Release|Any CPU
		{363ABEE6-028A-4898-A2F5-4B384B76B520}.Release|Any CPU.Build.0 = Release|Any CPU
	EndGlobalSection
	GlobalSection(SolutionProperties) = preSolution
		HideSolutionNode = FALSE
	EndGlobalSection
	GlobalSection(ExtensibilityGlobals) = postSolution
		SolutionGuid = {00DB375A-F106-4BC2-B348-5F41B950F10F}
	EndGlobalSection
EndGlobal
